// !$*UTF8*$!
{
	archiveVersion = 1;
	classes = {
	};
	objectVersion = 50;
	objects = {

/* Begin PBXBuildFile section */
		305345E5265A415D00992676 /* SwiftUIReplicatorSampleApp.swift in Sources */ = {isa = PBXBuildFile; fileRef = 305345E4265A415D00992676 /* SwiftUIReplicatorSampleApp.swift */; };
		305345E7265A415D00992676 /* ContentView.swift in Sources */ = {isa = PBXBuildFile; fileRef = 305345E6265A415D00992676 /* ContentView.swift */; };
		305345E9265A415F00992676 /* Assets.xcassets in Resources */ = {isa = PBXBuildFile; fileRef = 305345E8265A415F00992676 /* Assets.xcassets */; };
		305345EC265A415F00992676 /* Preview Assets.xcassets in Resources */ = {isa = PBXBuildFile; fileRef = 305345EB265A415F00992676 /* Preview Assets.xcassets */; };
		305345F7265A415F00992676 /* SwiftUIReplicatorSampleTests.swift in Sources */ = {isa = PBXBuildFile; fileRef = 305345F6265A415F00992676 /* SwiftUIReplicatorSampleTests.swift */; };
		30534602265A415F00992676 /* SwiftUIReplicatorSampleUITests.swift in Sources */ = {isa = PBXBuildFile; fileRef = 30534601265A415F00992676 /* SwiftUIReplicatorSampleUITests.swift */; };
		30534611265A42C000992676 /* SwiftUIReplicator.framework in Frameworks */ = {isa = PBXBuildFile; fileRef = 30534610265A42C000992676 /* SwiftUIReplicator.framework */; };
		30534612265A42C000992676 /* SwiftUIReplicator.framework in Embed Frameworks */ = {isa = PBXBuildFile; fileRef = 30534610265A42C000992676 /* SwiftUIReplicator.framework */; settings = {ATTRIBUTES = (CodeSignOnCopy, RemoveHeadersOnCopy, ); }; };
/* End PBXBuildFile section */

/* Begin PBXContainerItemProxy section */
		305345F3265A415F00992676 /* PBXContainerItemProxy */ = {
			isa = PBXContainerItemProxy;
			containerPortal = 305345D9265A415D00992676 /* Project object */;
			proxyType = 1;
			remoteGlobalIDString = 305345E0265A415D00992676;
			remoteInfo = SwiftUIReplicatorSample;
		};
		305345FE265A415F00992676 /* PBXContainerItemProxy */ = {
			isa = PBXContainerItemProxy;
			containerPortal = 305345D9265A415D00992676 /* Project object */;
			proxyType = 1;
			remoteGlobalIDString = 305345E0265A415D00992676;
			remoteInfo = SwiftUIReplicatorSample;
		};
/* End PBXContainerItemProxy section */

/* Begin PBXCopyFilesBuildPhase section */
		30534613265A42C000992676 /* Embed Frameworks */ = {
			isa = PBXCopyFilesBuildPhase;
			buildActionMask = 2147483647;
			dstPath = "";
			dstSubfolderSpec = 10;
			files = (
				30534612265A42C000992676 /* SwiftUIReplicator.framework in Embed Frameworks */,
			);
			name = "Embed Frameworks";
			runOnlyForDeploymentPostprocessing = 0;
		};
/* End PBXCopyFilesBuildPhase section */

/* Begin PBXFileReference section */
		305345E1265A415D00992676 /* SwiftUIReplicatorSample.app */ = {isa = PBXFileReference; explicitFileType = wrapper.application; includeInIndex = 0; path = SwiftUIReplicatorSample.app; sourceTree = BUILT_PRODUCTS_DIR; };
		305345E4265A415D00992676 /* SwiftUIReplicatorSampleApp.swift */ = {isa = PBXFileReference; lastKnownFileType = sourcecode.swift; path = SwiftUIReplicatorSampleApp.swift; sourceTree = "<group>"; };
		305345E6265A415D00992676 /* ContentView.swift */ = {isa = PBXFileReference; lastKnownFileType = sourcecode.swift; path = ContentView.swift; sourceTree = "<group>"; };
		305345E8265A415F00992676 /* Assets.xcassets */ = {isa = PBXFileReference; lastKnownFileType = folder.assetcatalog; path = Assets.xcassets; sourceTree = "<group>"; };
		305345EB265A415F00992676 /* Preview Assets.xcassets */ = {isa = PBXFileReference; lastKnownFileType = folder.assetcatalog; path = "Preview Assets.xcassets"; sourceTree = "<group>"; };
		305345ED265A415F00992676 /* Info.plist */ = {isa = PBXFileReference; lastKnownFileType = text.plist.xml; path = Info.plist; sourceTree = "<group>"; };
		305345F2265A415F00992676 /* SwiftUIReplicatorSampleTests.xctest */ = {isa = PBXFileReference; explicitFileType = wrapper.cfbundle; includeInIndex = 0; path = SwiftUIReplicatorSampleTests.xctest; sourceTree = BUILT_PRODUCTS_DIR; };
		305345F6265A415F00992676 /* SwiftUIReplicatorSampleTests.swift */ = {isa = PBXFileReference; lastKnownFileType = sourcecode.swift; path = SwiftUIReplicatorSampleTests.swift; sourceTree = "<group>"; };
		305345F8265A415F00992676 /* Info.plist */ = {isa = PBXFileReference; lastKnownFileType = text.plist.xml; path = Info.plist; sourceTree = "<group>"; };
		305345FD265A415F00992676 /* SwiftUIReplicatorSampleUITests.xctest */ = {isa = PBXFileReference; explicitFileType = wrapper.cfbundle; includeInIndex = 0; path = SwiftUIReplicatorSampleUITests.xctest; sourceTree = BUILT_PRODUCTS_DIR; };
		30534601265A415F00992676 /* SwiftUIReplicatorSampleUITests.swift */ = {isa = PBXFileReference; lastKnownFileType = sourcecode.swift; path = SwiftUIReplicatorSampleUITests.swift; sourceTree = "<group>"; };
		30534603265A415F00992676 /* Info.plist */ = {isa = PBXFileReference; lastKnownFileType = text.plist.xml; path = Info.plist; sourceTree = "<group>"; };
		30534610265A42C000992676 /* SwiftUIReplicator.framework */ = {isa = PBXFileReference; lastKnownFileType = wrapper.framework; name = SwiftUIReplicator.framework; path = "../../../Library/Developer/Xcode/DerivedData/SwiftUIRepolicator-emeutmaskrjotvdntbjbngozhqmr/Build/Products/Debug-iphonesimulator/SwiftUIReplicator.framework"; sourceTree = "<group>"; };
/* End PBXFileReference section */

/* Begin PBXFrameworksBuildPhase section */
		305345DE265A415D00992676 /* Frameworks */ = {
			isa = PBXFrameworksBuildPhase;
			buildActionMask = 2147483647;
			files = (
				30534611265A42C000992676 /* SwiftUIReplicator.framework in Frameworks */,
			);
			runOnlyForDeploymentPostprocessing = 0;
		};
		305345EF265A415F00992676 /* Frameworks */ = {
			isa = PBXFrameworksBuildPhase;
			buildActionMask = 2147483647;
			files = (
			);
			runOnlyForDeploymentPostprocessing = 0;
		};
		305345FA265A415F00992676 /* Frameworks */ = {
			isa = PBXFrameworksBuildPhase;
			buildActionMask = 2147483647;
			files = (
			);
			runOnlyForDeploymentPostprocessing = 0;
		};
/* End PBXFrameworksBuildPhase section */

/* Begin PBXGroup section */
		305345D8265A415D00992676 = {
			isa = PBXGroup;
			children = (
				305345E3265A415D00992676 /* SwiftUIReplicatorSample */,
				305345F5265A415F00992676 /* SwiftUIReplicatorSampleTests */,
				30534600265A415F00992676 /* SwiftUIReplicatorSampleUITests */,
				305345E2265A415D00992676 /* Products */,
				3053460F265A42BF00992676 /* Frameworks */,
			);
			sourceTree = "<group>";
		};
		305345E2265A415D00992676 /* Products */ = {
			isa = PBXGroup;
			children = (
				305345E1265A415D00992676 /* SwiftUIReplicatorSample.app */,
				305345F2265A415F00992676 /* SwiftUIReplicatorSampleTests.xctest */,
				305345FD265A415F00992676 /* SwiftUIReplicatorSampleUITests.xctest */,
			);
			name = Products;
			sourceTree = "<group>";
		};
		305345E3265A415D00992676 /* SwiftUIReplicatorSample */ = {
			isa = PBXGroup;
			children = (
				305345E4265A415D00992676 /* SwiftUIReplicatorSampleApp.swift */,
				305345E6265A415D00992676 /* ContentView.swift */,
				305345E8265A415F00992676 /* Assets.xcassets */,
				305345ED265A415F00992676 /* Info.plist */,
				305345EA265A415F00992676 /* Preview Content */,
			);
			path = SwiftUIReplicatorSample;
			sourceTree = "<group>";
		};
		305345EA265A415F00992676 /* Preview Content */ = {
			isa = PBXGroup;
			children = (
				305345EB265A415F00992676 /* Preview Assets.xcassets */,
			);
			path = "Preview Content";
			sourceTree = "<group>";
		};
		305345F5265A415F00992676 /* SwiftUIReplicatorSampleTests */ = {
			isa = PBXGroup;
			children = (
				305345F6265A415F00992676 /* SwiftUIReplicatorSampleTests.swift */,
				305345F8265A415F00992676 /* Info.plist */,
			);
			path = SwiftUIReplicatorSampleTests;
			sourceTree = "<group>";
		};
		30534600265A415F00992676 /* SwiftUIReplicatorSampleUITests */ = {
			isa = PBXGroup;
			children = (
				30534601265A415F00992676 /* SwiftUIReplicatorSampleUITests.swift */,
				30534603265A415F00992676 /* Info.plist */,
			);
			path = SwiftUIReplicatorSampleUITests;
			sourceTree = "<group>";
		};
		3053460F265A42BF00992676 /* Frameworks */ = {
			isa = PBXGroup;
			children = (
				30534610265A42C000992676 /* SwiftUIReplicator.framework */,
			);
			name = Frameworks;
			sourceTree = "<group>";
		};
/* End PBXGroup section */

/* Begin PBXNativeTarget section */
		305345E0265A415D00992676 /* SwiftUIReplicatorSample */ = {
			isa = PBXNativeTarget;
			buildConfigurationList = 30534606265A415F00992676 /* Build configuration list for PBXNativeTarget "SwiftUIReplicatorSample" */;
			buildPhases = (
				305345DD265A415D00992676 /* Sources */,
				305345DE265A415D00992676 /* Frameworks */,
				305345DF265A415D00992676 /* Resources */,
				30534613265A42C000992676 /* Embed Frameworks */,
			);
			buildRules = (
			);
			dependencies = (
			);
			name = SwiftUIReplicatorSample;
			productName = SwiftUIReplicatorSample;
			productReference = 305345E1265A415D00992676 /* SwiftUIReplicatorSample.app */;
			productType = "com.apple.product-type.application";
		};
		305345F1265A415F00992676 /* SwiftUIReplicatorSampleTests */ = {
			isa = PBXNativeTarget;
			buildConfigurationList = 30534609265A415F00992676 /* Build configuration list for PBXNativeTarget "SwiftUIReplicatorSampleTests" */;
			buildPhases = (
				305345EE265A415F00992676 /* Sources */,
				305345EF265A415F00992676 /* Frameworks */,
				305345F0265A415F00992676 /* Resources */,
			);
			buildRules = (
			);
			dependencies = (
				305345F4265A415F00992676 /* PBXTargetDependency */,
			);
			name = SwiftUIReplicatorSampleTests;
			productName = SwiftUIReplicatorSampleTests;
			productReference = 305345F2265A415F00992676 /* SwiftUIReplicatorSampleTests.xctest */;
			productType = "com.apple.product-type.bundle.unit-test";
		};
		305345FC265A415F00992676 /* SwiftUIReplicatorSampleUITests */ = {
			isa = PBXNativeTarget;
			buildConfigurationList = 3053460C265A415F00992676 /* Build configuration list for PBXNativeTarget "SwiftUIReplicatorSampleUITests" */;
			buildPhases = (
				305345F9265A415F00992676 /* Sources */,
				305345FA265A415F00992676 /* Frameworks */,
				305345FB265A415F00992676 /* Resources */,
			);
			buildRules = (
			);
			dependencies = (
				305345FF265A415F00992676 /* PBXTargetDependency */,
			);
			name = SwiftUIReplicatorSampleUITests;
			productName = SwiftUIReplicatorSampleUITests;
			productReference = 305345FD265A415F00992676 /* SwiftUIReplicatorSampleUITests.xctest */;
			productType = "com.apple.product-type.bundle.ui-testing";
		};
/* End PBXNativeTarget section */

/* Begin PBXProject section */
		305345D9265A415D00992676 /* Project object */ = {
			isa = PBXProject;
			attributes = {
				LastSwiftUpdateCheck = 1250;
				LastUpgradeCheck = 1250;
				TargetAttributes = {
					305345E0265A415D00992676 = {
						CreatedOnToolsVersion = 12.5;
					};
					305345F1265A415F00992676 = {
						CreatedOnToolsVersion = 12.5;
						TestTargetID = 305345E0265A415D00992676;
					};
					305345FC265A415F00992676 = {
						CreatedOnToolsVersion = 12.5;
						TestTargetID = 305345E0265A415D00992676;
					};
				};
			};
			buildConfigurationList = 305345DC265A415D00992676 /* Build configuration list for PBXProject "SwiftUIReplicatorSample" */;
			compatibilityVersion = "Xcode 9.3";
			developmentRegion = en;
			hasScannedForEncodings = 0;
			knownRegions = (
				en,
				Base,
			);
			mainGroup = 305345D8265A415D00992676;
			productRefGroup = 305345E2265A415D00992676 /* Products */;
			projectDirPath = "";
			projectRoot = "";
			targets = (
				305345E0265A415D00992676 /* SwiftUIReplicatorSample */,
				305345F1265A415F00992676 /* SwiftUIReplicatorSampleTests */,
				305345FC265A415F00992676 /* SwiftUIReplicatorSampleUITests */,
			);
		};
/* End PBXProject section */

/* Begin PBXResourcesBuildPhase section */
		305345DF265A415D00992676 /* Resources */ = {
			isa = PBXResourcesBuildPhase;
			buildActionMask = 2147483647;
			files = (
				305345EC265A415F00992676 /* Preview Assets.xcassets in Resources */,
				305345E9265A415F00992676 /* Assets.xcassets in Resources */,
			);
			runOnlyForDeploymentPostprocessing = 0;
		};
		305345F0265A415F00992676 /* Resources */ = {
			isa = PBXResourcesBuildPhase;
			buildActionMask = 2147483647;
			files = (
			);
			runOnlyForDeploymentPostprocessing = 0;
		};
		305345FB265A415F00992676 /* Resources */ = {
			isa = PBXResourcesBuildPhase;
			buildActionMask = 2147483647;
			files = (
			);
			runOnlyForDeploymentPostprocessing = 0;
		};
/* End PBXResourcesBuildPhase section */

/* Begin PBXSourcesBuildPhase section */
		305345DD265A415D00992676 /* Sources */ = {
			isa = PBXSourcesBuildPhase;
			buildActionMask = 2147483647;
			files = (
				305345E7265A415D00992676 /* ContentView.swift in Sources */,
				305345E5265A415D00992676 /* SwiftUIReplicatorSampleApp.swift in Sources */,
			);
			runOnlyForDeploymentPostprocessing = 0;
		};
		305345EE265A415F00992676 /* Sources */ = {
			isa = PBXSourcesBuildPhase;
			buildActionMask = 2147483647;
			files = (
				305345F7265A415F00992676 /* SwiftUIReplicatorSampleTests.swift in Sources */,
			);
			runOnlyForDeploymentPostprocessing = 0;
		};
		305345F9265A415F00992676 /* Sources */ = {
			isa = PBXSourcesBuildPhase;
			buildActionMask = 2147483647;
			files = (
				30534602265A415F00992676 /* SwiftUIReplicatorSampleUITests.swift in Sources */,
			);
			runOnlyForDeploymentPostprocessing = 0;
		};
/* End PBXSourcesBuildPhase section */

/* Begin PBXTargetDependency section */
		305345F4265A415F00992676 /* PBXTargetDependency */ = {
			isa = PBXTargetDependency;
			target = 305345E0265A415D00992676 /* SwiftUIReplicatorSample */;
			targetProxy = 305345F3265A415F00992676 /* PBXContainerItemProxy */;
		};
		305345FF265A415F00992676 /* PBXTargetDependency */ = {
			isa = PBXTargetDependency;
			target = 305345E0265A415D00992676 /* SwiftUIReplicatorSample */;
			targetProxy = 305345FE265A415F00992676 /* PBXContainerItemProxy */;
		};
/* End PBXTargetDependency section */

/* Begin XCBuildConfiguration section */
		30534604265A415F00992676 /* Debug */ = {
			isa = XCBuildConfiguration;
			buildSettings = {
				ALWAYS_SEARCH_USER_PATHS = NO;
				CLANG_ANALYZER_NONNULL = YES;
				CLANG_ANALYZER_NUMBER_OBJECT_CONVERSION = YES_AGGRESSIVE;
				CLANG_CXX_LANGUAGE_STANDARD = "gnu++14";
				CLANG_CXX_LIBRARY = "libc++";
				CLANG_ENABLE_MODULES = YES;
				CLANG_ENABLE_OBJC_ARC = YES;
				CLANG_ENABLE_OBJC_WEAK = YES;
				CLANG_WARN_BLOCK_CAPTURE_AUTORELEASING = YES;
				CLANG_WARN_BOOL_CONVERSION = YES;
				CLANG_WARN_COMMA = YES;
				CLANG_WARN_CONSTANT_CONVERSION = YES;
				CLANG_WARN_DEPRECATED_OBJC_IMPLEMENTATIONS = YES;
				CLANG_WARN_DIRECT_OBJC_ISA_USAGE = YES_ERROR;
				CLANG_WARN_DOCUMENTATION_COMMENTS = YES;
				CLANG_WARN_EMPTY_BODY = YES;
				CLANG_WARN_ENUM_CONVERSION = YES;
				CLANG_WARN_INFINITE_RECURSION = YES;
				CLANG_WARN_INT_CONVERSION = YES;
				CLANG_WARN_NON_LITERAL_NULL_CONVERSION = YES;
				CLANG_WARN_OBJC_IMPLICIT_RETAIN_SELF = YES;
				CLANG_WARN_OBJC_LITERAL_CONVERSION = YES;
				CLANG_WARN_OBJC_ROOT_CLASS = YES_ERROR;
				CLANG_WARN_QUOTED_INCLUDE_IN_FRAMEWORK_HEADER = YES;
				CLANG_WARN_RANGE_LOOP_ANALYSIS = YES;
				CLANG_WARN_STRICT_PROTOTYPES = YES;
				CLANG_WARN_SUSPICIOUS_MOVE = YES;
				CLANG_WARN_UNGUARDED_AVAILABILITY = YES_AGGRESSIVE;
				CLANG_WARN_UNREACHABLE_CODE = YES;
				CLANG_WARN__DUPLICATE_METHOD_MATCH = YES;
				COPY_PHASE_STRIP = NO;
				DEBUG_INFORMATION_FORMAT = dwarf;
				ENABLE_STRICT_OBJC_MSGSEND = YES;
				ENABLE_TESTABILITY = YES;
				GCC_C_LANGUAGE_STANDARD = gnu11;
				GCC_DYNAMIC_NO_PIC = NO;
				GCC_NO_COMMON_BLOCKS = YES;
				GCC_OPTIMIZATION_LEVEL = 0;
				GCC_PREPROCESSOR_DEFINITIONS = (
					"DEBUG=1",
					"$(inherited)",
				);
				GCC_WARN_64_TO_32_BIT_CONVERSION = YES;
				GCC_WARN_ABOUT_RETURN_TYPE = YES_ERROR;
				GCC_WARN_UNDECLARED_SELECTOR = YES;
				GCC_WARN_UNINITIALIZED_AUTOS = YES_AGGRESSIVE;
				GCC_WARN_UNUSED_FUNCTION = YES;
				GCC_WARN_UNUSED_VARIABLE = YES;
				IPHONEOS_DEPLOYMENT_TARGET = 14.5;
				MTL_ENABLE_DEBUG_INFO = INCLUDE_SOURCE;
				MTL_FAST_MATH = YES;
				ONLY_ACTIVE_ARCH = YES;
				SDKROOT = iphoneos;
				SWIFT_ACTIVE_COMPILATION_CONDITIONS = DEBUG;
				SWIFT_OPTIMIZATION_LEVEL = "-Onone";
			};
			name = Debug;
		};
		30534605265A415F00992676 /* Release */ = {
			isa = XCBuildConfiguration;
			buildSettings = {
				ALWAYS_SEARCH_USER_PATHS = NO;
				CLANG_ANALYZER_NONNULL = YES;
				CLANG_ANALYZER_NUMBER_OBJECT_CONVERSION = YES_AGGRESSIVE;
				CLANG_CXX_LANGUAGE_STANDARD = "gnu++14";
				CLANG_CXX_LIBRARY = "libc++";
				CLANG_ENABLE_MODULES = YES;
				CLANG_ENABLE_OBJC_ARC = YES;
				CLANG_ENABLE_OBJC_WEAK = YES;
				CLANG_WARN_BLOCK_CAPTURE_AUTORELEASING = YES;
				CLANG_WARN_BOOL_CONVERSION = YES;
				CLANG_WARN_COMMA = YES;
				CLANG_WARN_CONSTANT_CONVERSION = YES;
				CLANG_WARN_DEPRECATED_OBJC_IMPLEMENTATIONS = YES;
				CLANG_WARN_DIRECT_OBJC_ISA_USAGE = YES_ERROR;
				CLANG_WARN_DOCUMENTATION_COMMENTS = YES;
				CLANG_WARN_EMPTY_BODY = YES;
				CLANG_WARN_ENUM_CONVERSION = YES;
				CLANG_WARN_INFINITE_RECURSION = YES;
				CLANG_WARN_INT_CONVERSION = YES;
				CLANG_WARN_NON_LITERAL_NULL_CONVERSION = YES;
				CLANG_WARN_OBJC_IMPLICIT_RETAIN_SELF = YES;
				CLANG_WARN_OBJC_LITERAL_CONVERSION = YES;
				CLANG_WARN_OBJC_ROOT_CLASS = YES_ERROR;
				CLANG_WARN_QUOTED_INCLUDE_IN_FRAMEWORK_HEADER = YES;
				CLANG_WARN_RANGE_LOOP_ANALYSIS = YES;
				CLANG_WARN_STRICT_PROTOTYPES = YES;
				CLANG_WARN_SUSPICIOUS_MOVE = YES;
				CLANG_WARN_UNGUARDED_AVAILABILITY = YES_AGGRESSIVE;
				CLANG_WARN_UNREACHABLE_CODE = YES;
				CLANG_WARN__DUPLICATE_METHOD_MATCH = YES;
				COPY_PHASE_STRIP = NO;
				DEBUG_INFORMATION_FORMAT = "dwarf-with-dsym";
				ENABLE_NS_ASSERTIONS = NO;
				ENABLE_STRICT_OBJC_MSGSEND = YES;
				GCC_C_LANGUAGE_STANDARD = gnu11;
				GCC_NO_COMMON_BLOCKS = YES;
				GCC_WARN_64_TO_32_BIT_CONVERSION = YES;
				GCC_WARN_ABOUT_RETURN_TYPE = YES_ERROR;
				GCC_WARN_UNDECLARED_SELECTOR = YES;
				GCC_WARN_UNINITIALIZED_AUTOS = YES_AGGRESSIVE;
				GCC_WARN_UNUSED_FUNCTION = YES;
				GCC_WARN_UNUSED_VARIABLE = YES;
				IPHONEOS_DEPLOYMENT_TARGET = 14.5;
				MTL_ENABLE_DEBUG_INFO = NO;
				MTL_FAST_MATH = YES;
				SDKROOT = iphoneos;
				SWIFT_COMPILATION_MODE = wholemodule;
				SWIFT_OPTIMIZATION_LEVEL = "-O";
				VALIDATE_PRODUCT = YES;
			};
			name = Release;
		};
		30534607265A415F00992676 /* Debug */ = {
			isa = XCBuildConfiguration;
			buildSettings = {
				ASSETCATALOG_COMPILER_APPICON_NAME = AppIcon;
				ASSETCATALOG_COMPILER_GLOBAL_ACCENT_COLOR_NAME = AccentColor;
				CODE_SIGN_STYLE = Automatic;
				DEVELOPMENT_ASSET_PATHS = "\"SwiftUIReplicatorSample/Preview Content\"";
				DEVELOPMENT_TEAM = R33Y42SDDR;
				ENABLE_PREVIEWS = YES;
				INFOPLIST_FILE = SwiftUIReplicatorSample/Info.plist;
				IPHONEOS_DEPLOYMENT_TARGET = 14.5;
				LD_RUNPATH_SEARCH_PATHS = (
					"$(inherited)",
					"@executable_path/Frameworks",
				);
				PRODUCT_BUNDLE_IDENTIFIER = kazuhiro.hayashi.SwiftUIReplicatorSample;
				PRODUCT_NAME = "$(TARGET_NAME)";
				SWIFT_VERSION = 5.0;
				TARGETED_DEVICE_FAMILY = "1,2";
			};
			name = Debug;
		};
		30534608265A415F00992676 /* Release */ = {
			isa = XCBuildConfiguration;
			buildSettings = {
				ASSETCATALOG_COMPILER_APPICON_NAME = AppIcon;
				ASSETCATALOG_COMPILER_GLOBAL_ACCENT_COLOR_NAME = AccentColor;
				CODE_SIGN_STYLE = Automatic;
				DEVELOPMENT_ASSET_PATHS = "\"SwiftUIReplicatorSample/Preview Content\"";
				DEVELOPMENT_TEAM = R33Y42SDDR;
				ENABLE_PREVIEWS = YES;
				INFOPLIST_FILE = SwiftUIReplicatorSample/Info.plist;
				IPHONEOS_DEPLOYMENT_TARGET = 14.5;
				LD_RUNPATH_SEARCH_PATHS = (
					"$(inherited)",
					"@executable_path/Frameworks",
				);
				PRODUCT_BUNDLE_IDENTIFIER = kazuhiro.hayashi.SwiftUIReplicatorSample;
				PRODUCT_NAME = "$(TARGET_NAME)";
				SWIFT_VERSION = 5.0;
				TARGETED_DEVICE_FAMILY = "1,2";
			};
			name = Release;
		};
		3053460A265A415F00992676 /* Debug */ = {
			isa = XCBuildConfiguration;
			buildSettings = {
				ALWAYS_EMBED_SWIFT_STANDARD_LIBRARIES = YES;
				BUNDLE_LOADER = "$(TEST_HOST)";
				CODE_SIGN_STYLE = Automatic;
				DEVELOPMENT_TEAM = R33Y42SDDR;
				INFOPLIST_FILE = SwiftUIReplicatorSampleTests/Info.plist;
				IPHONEOS_DEPLOYMENT_TARGET = 14.0;
				LD_RUNPATH_SEARCH_PATHS = (
					"$(inherited)",
					"@executable_path/Frameworks",
					"@loader_path/Frameworks",
				);
				PRODUCT_BUNDLE_IDENTIFIER = kazuhiro.hayashi.SwiftUIReplicatorSampleTests;
				PRODUCT_NAME = "$(TARGET_NAME)";
				SWIFT_VERSION = 5.0;
				TARGETED_DEVICE_FAMILY = "1,2";
				TEST_HOST = "$(BUILT_PRODUCTS_DIR)/SwiftUIReplicatorSample.app/SwiftUIReplicatorSample";
			};
			name = Debug;
		};
		3053460B265A415F00992676 /* Release */ = {
			isa = XCBuildConfiguration;
			buildSettings = {
				ALWAYS_EMBED_SWIFT_STANDARD_LIBRARIES = YES;
				BUNDLE_LOADER = "$(TEST_HOST)";
				CODE_SIGN_STYLE = Automatic;
				DEVELOPMENT_TEAM = R33Y42SDDR;
				INFOPLIST_FILE = SwiftUIReplicatorSampleTests/Info.plist;
				IPHONEOS_DEPLOYMENT_TARGET = 14.0;
				LD_RUNPATH_SEARCH_PATHS = (
					"$(inherited)",
					"@executable_path/Frameworks",
					"@loader_path/Frameworks",
				);
				PRODUCT_BUNDLE_IDENTIFIER = kazuhiro.hayashi.SwiftUIReplicatorSampleTests;
				PRODUCT_NAME = "$(TARGET_NAME)";
				SWIFT_VERSION = 5.0;
				TARGETED_DEVICE_FAMILY = "1,2";
				TEST_HOST = "$(BUILT_PRODUCTS_DIR)/SwiftUIReplicatorSample.app/SwiftUIReplicatorSample";
			};
			name = Release;
		};
		3053460D265A415F00992676 /* Debug */ = {
			isa = XCBuildConfiguration;
			buildSettings = {
				ALWAYS_EMBED_SWIFT_STANDARD_LIBRARIES = YES;
				CODE_SIGN_STYLE = Automatic;
				DEVELOPMENT_TEAM = R33Y42SDDR;
				INFOPLIST_FILE = SwiftUIReplicatorSampleUITests/Info.plist;
				LD_RUNPATH_SEARCH_PATHS = (
					"$(inherited)",
					"@executable_path/Frameworks",
					"@loader_path/Frameworks",
				);
				PRODUCT_BUNDLE_IDENTIFIER = kazuhiro.hayashi.SwiftUIReplicatorSampleUITests;
				PRODUCT_NAME = "$(TARGET_NAME)";
				SWIFT_VERSION = 5.0;
				TARGETED_DEVICE_FAMILY = "1,2";
				TEST_TARGET_NAME = SwiftUIReplicatorSample;
			};
			name = Debug;
		};
		3053460E265A415F00992676 /* Release */ = {
			isa = XCBuildConfiguration;
			buildSettings = {
				ALWAYS_EMBED_SWIFT_STANDARD_LIBRARIES = YES;
				CODE_SIGN_STYLE = Automatic;
				DEVELOPMENT_TEAM = R33Y42SDDR;
				INFOPLIST_FILE = SwiftUIReplicatorSampleUITests/Info.plist;
				LD_RUNPATH_SEARCH_PATHS = (
					"$(inherited)",
					"@executable_path/Frameworks",
					"@loader_path/Frameworks",
				);
				PRODUCT_BUNDLE_IDENTIFIER = kazuhiro.hayashi.SwiftUIReplicatorSampleUITests;
				PRODUCT_NAME = "$(TARGET_NAME)";
				SWIFT_VERSION = 5.0;
				TARGETED_DEVICE_FAMILY = "1,2";
				TEST_TARGET_NAME = SwiftUIReplicatorSample;
			};
			name = Release;
		};
/* End XCBuildConfiguration section */

/* Begin XCConfigurationList section */
		305345DC265A415D00992676 /* Build configuration list for PBXProject "SwiftUIReplicatorSample" */ = {
			isa = XCConfigurationList;
			buildConfigurations = (
				30534604265A415F00992676 /* Debug */,
				30534605265A415F00992676 /* Release */,
			);
			defaultConfigurationIsVisible = 0;
			defaultConfigurationName = Release;
		};
		30534606265A415F00992676 /* Build configuration list for PBXNativeTarget "SwiftUIReplicatorSample" */ = {
			isa = XCConfigurationList;
			buildConfigurations = (
				30534607265A415F00992676 /* Debug */,
				30534608265A415F00992676 /* Release */,
			);
			defaultConfigurationIsVisible = 0;
			defaultConfigurationName = Release;
		};
		30534609265A415F00992676 /* Build configuration list for PBXNativeTarget "SwiftUIReplicatorSampleTests" */ = {
			isa = XCConfigurationList;
			buildConfigurations = (
				3053460A265A415F00992676 /* Debug */,
				3053460B265A415F00992676 /* Release */,
			);
			defaultConfigurationIsVisible = 0;
			defaultConfigurationName = Release;
		};
		3053460C265A415F00992676 /* Build configuration list for PBXNativeTarget "SwiftUIReplicatorSampleUITests" */ = {
			isa = XCConfigurationList;
			buildConfigurations = (
				3053460D265A415F00992676 /* Debug */,
				3053460E265A415F00992676 /* Release */,
			);
			defaultConfigurationIsVisible = 0;
			defaultConfigurationName = Release;
		};
/* End XCConfigurationList section */
	};
	rootObject = 305345D9265A415D00992676 /* Project object */;
}
